// !$*UTF8*$!
{
	archiveVersion = 1;
	classes = {
	};
	objectVersion = 50;
	objects = {

/* Begin PBXBuildFile section */
		731C7639251E87B500AE3099 /* searcher.cpp in Sources */ = {isa = PBXBuildFile; fileRef = 731C7637251E87B500AE3099 /* searcher.cpp */; };
		739E2C97252A80F900BE147A /* game.cpp in Sources */ = {isa = PBXBuildFile; fileRef = 739E2C95252A80F900BE147A /* game.cpp */; };
		73FC645D2518027000E3C205 /* main.cpp in Sources */ = {isa = PBXBuildFile; fileRef = 73FC645C2518027000E3C205 /* main.cpp */; };
		73FC64672519216F00E3C205 /* board.cpp in Sources */ = {isa = PBXBuildFile; fileRef = 73FC64652519216E00E3C205 /* board.cpp */; };
		73FC646B251924E000E3C205 /* defs.cpp in Sources */ = {isa = PBXBuildFile; fileRef = 73FC646A251924E000E3C205 /* defs.cpp */; };
		73FC646E2519D11500E3C205 /* movegen.cpp in Sources */ = {isa = PBXBuildFile; fileRef = 73FC646D2519D11500E3C205 /* movegen.cpp */; };
/* End PBXBuildFile section */

/* Begin PBXCopyFilesBuildPhase section */
		73FC64572518026F00E3C205 /* CopyFiles */ = {
			isa = PBXCopyFilesBuildPhase;
			buildActionMask = 2147483647;
			dstPath = /usr/share/man/man1/;
			dstSubfolderSpec = 0;
			files = (
			);
			runOnlyForDeploymentPostprocessing = 1;
		};
/* End PBXCopyFilesBuildPhase section */

/* Begin PBXFileReference section */
		731C7637251E87B500AE3099 /* searcher.cpp */ = {isa = PBXFileReference; lastKnownFileType = sourcecode.cpp.cpp; path = searcher.cpp; sourceTree = "<group>"; };
		731C7638251E87B500AE3099 /* searcher.h */ = {isa = PBXFileReference; lastKnownFileType = sourcecode.c.h; path = searcher.h; sourceTree = "<group>"; };
		739E2C95252A80F900BE147A /* game.cpp */ = {isa = PBXFileReference; lastKnownFileType = sourcecode.cpp.cpp; path = game.cpp; sourceTree = "<group>"; };
		739E2C96252A80F900BE147A /* game.h */ = {isa = PBXFileReference; lastKnownFileType = sourcecode.c.h; path = game.h; sourceTree = "<group>"; };
		73FC64592518026F00E3C205 /* strawberrymangoes */ = {isa = PBXFileReference; explicitFileType = "compiled.mach-o.executable"; includeInIndex = 0; path = strawberrymangoes; sourceTree = BUILT_PRODUCTS_DIR; };
		73FC645C2518027000E3C205 /* main.cpp */ = {isa = PBXFileReference; lastKnownFileType = sourcecode.cpp.cpp; path = main.cpp; sourceTree = "<group>"; };
		73FC646325187CA800E3C205 /* board.h */ = {isa = PBXFileReference; lastKnownFileType = sourcecode.c.h; path = board.h; sourceTree = "<group>"; };
		73FC646425187E3E00E3C205 /* defs.h */ = {isa = PBXFileReference; lastKnownFileType = sourcecode.c.h; path = defs.h; sourceTree = "<group>"; };
		73FC64652519216E00E3C205 /* board.cpp */ = {isa = PBXFileReference; lastKnownFileType = sourcecode.cpp.cpp; path = board.cpp; sourceTree = "<group>"; };
		73FC646A251924E000E3C205 /* defs.cpp */ = {isa = PBXFileReference; lastKnownFileType = sourcecode.cpp.cpp; path = defs.cpp; sourceTree = "<group>"; };
		73FC646C2519D0CB00E3C205 /* movegen.h */ = {isa = PBXFileReference; lastKnownFileType = sourcecode.c.h; path = movegen.h; sourceTree = "<group>"; };
		73FC646D2519D11500E3C205 /* movegen.cpp */ = {isa = PBXFileReference; lastKnownFileType = sourcecode.cpp.cpp; path = movegen.cpp; sourceTree = "<group>"; };
/* End PBXFileReference section */

/* Begin PBXFrameworksBuildPhase section */
		73FC64562518026F00E3C205 /* Frameworks */ = {
			isa = PBXFrameworksBuildPhase;
			buildActionMask = 2147483647;
			files = (
			);
			runOnlyForDeploymentPostprocessing = 0;
		};
/* End PBXFrameworksBuildPhase section */

/* Begin PBXGroup section */
		73FC64502518026E00E3C205 = {
			isa = PBXGroup;
			children = (
				73FC645B2518026F00E3C205 /* strawberrymangoes */,
				73FC645A2518026F00E3C205 /* Products */,
			);
			sourceTree = "<group>";
		};
		73FC645A2518026F00E3C205 /* Products */ = {
			isa = PBXGroup;
			children = (
				73FC64592518026F00E3C205 /* strawberrymangoes */,
			);
			name = Products;
			sourceTree = "<group>";
		};
		73FC645B2518026F00E3C205 /* strawberrymangoes */ = {
			isa = PBXGroup;
			children = (
				73FC645C2518027000E3C205 /* main.cpp */,
				739E2C96252A80F900BE147A /* game.h */,
				739E2C95252A80F900BE147A /* game.cpp */,
				731C7638251E87B500AE3099 /* searcher.h */,
				731C7637251E87B500AE3099 /* searcher.cpp */,
				73FC646C2519D0CB00E3C205 /* movegen.h */,
				73FC646D2519D11500E3C205 /* movegen.cpp */,
				73FC646325187CA800E3C205 /* board.h */,
				73FC64652519216E00E3C205 /* board.cpp */,
				73FC646425187E3E00E3C205 /* defs.h */,
				73FC646A251924E000E3C205 /* defs.cpp */,
			);
			path = strawberrymangoes;
			sourceTree = "<group>";
		};
/* End PBXGroup section */

/* Begin PBXNativeTarget section */
		73FC64582518026F00E3C205 /* strawberrymangoes */ = {
			isa = PBXNativeTarget;
			buildConfigurationList = 73FC64602518027000E3C205 /* Build configuration list for PBXNativeTarget "strawberrymangoes" */;
			buildPhases = (
				73FC64552518026F00E3C205 /* Sources */,
				73FC64562518026F00E3C205 /* Frameworks */,
				73FC64572518026F00E3C205 /* CopyFiles */,
			);
			buildRules = (
			);
			dependencies = (
			);
			name = strawberrymangoes;
			productName = strawberrymangoes;
			productReference = 73FC64592518026F00E3C205 /* strawberrymangoes */;
			productType = "com.apple.product-type.tool";
		};
/* End PBXNativeTarget section */

/* Begin PBXProject section */
		73FC64512518026E00E3C205 /* Project object */ = {
			isa = PBXProject;
			attributes = {
				LastUpgradeCheck = 1130;
				ORGANIZATIONNAME = "Max Smiley";
				TargetAttributes = {
					73FC64582518026F00E3C205 = {
						CreatedOnToolsVersion = 11.3.1;
					};
				};
			};
			buildConfigurationList = 73FC64542518026F00E3C205 /* Build configuration list for PBXProject "strawberrymangoes" */;
			compatibilityVersion = "Xcode 9.3";
			developmentRegion = en;
			hasScannedForEncodings = 0;
			knownRegions = (
				en,
				Base,
			);
			mainGroup = 73FC64502518026E00E3C205;
			productRefGroup = 73FC645A2518026F00E3C205 /* Products */;
			projectDirPath = "";
			projectRoot = "";
			targets = (
				73FC64582518026F00E3C205 /* strawberrymangoes */,
			);
		};
/* End PBXProject section */

/* Begin PBXSourcesBuildPhase section */
		73FC64552518026F00E3C205 /* Sources */ = {
			isa = PBXSourcesBuildPhase;
			buildActionMask = 2147483647;
			files = (
				73FC64672519216F00E3C205 /* board.cpp in Sources */,
				73FC646E2519D11500E3C205 /* movegen.cpp in Sources */,
				73FC645D2518027000E3C205 /* main.cpp in Sources */,
				739E2C97252A80F900BE147A /* game.cpp in Sources */,
				731C7639251E87B500AE3099 /* searcher.cpp in Sources */,
				73FC646B251924E000E3C205 /* defs.cpp in Sources */,
			);
			runOnlyForDeploymentPostprocessing = 0;
		};
/* End PBXSourcesBuildPhase section */

/* Begin XCBuildConfiguration section */
		73FC645E2518027000E3C205 /* Debug */ = {
			isa = XCBuildConfiguration;
			buildSettings = {
				ALWAYS_SEARCH_USER_PATHS = NO;
				CLANG_ANALYZER_NONNULL = YES;
				CLANG_ANALYZER_NUMBER_OBJECT_CONVERSION = YES_AGGRESSIVE;
				CLANG_CXX_LANGUAGE_STANDARD = "gnu++14";
				CLANG_CXX_LIBRARY = "libc++";
				CLANG_ENABLE_MODULES = YES;
				CLANG_ENABLE_OBJC_ARC = YES;
				CLANG_ENABLE_OBJC_WEAK = YES;
				CLANG_WARN_BLOCK_CAPTURE_AUTORELEASING = YES;
				CLANG_WARN_BOOL_CONVERSION = YES;
				CLANG_WARN_COMMA = YES;
				CLANG_WARN_CONSTANT_CONVERSION = YES;
				CLANG_WARN_DEPRECATED_OBJC_IMPLEMENTATIONS = YES;
				CLANG_WARN_DIRECT_OBJC_ISA_USAGE = YES_ERROR;
				CLANG_WARN_DOCUMENTATION_COMMENTS = YES;
				CLANG_WARN_EMPTY_BODY = YES;
				CLANG_WARN_ENUM_CONVERSION = YES;
				CLANG_WARN_INFINITE_RECURSION = YES;
				CLANG_WARN_INT_CONVERSION = YES;
				CLANG_WARN_NON_LITERAL_NULL_CONVERSION = YES;
				CLANG_WARN_OBJC_IMPLICIT_RETAIN_SELF = YES;
				CLANG_WARN_OBJC_LITERAL_CONVERSION = YES;
				CLANG_WARN_OBJC_ROOT_CLASS = YES_ERROR;
				CLANG_WARN_RANGE_LOOP_ANALYSIS = YES;
				CLANG_WARN_STRICT_PROTOTYPES = YES;
				CLANG_WARN_SUSPICIOUS_MOVE = YES;
				CLANG_WARN_UNGUARDED_AVAILABILITY = YES_AGGRESSIVE;
				CLANG_WARN_UNREACHABLE_CODE = YES;
				CLANG_WARN__DUPLICATE_METHOD_MATCH = YES;
				COPY_PHASE_STRIP = NO;
				DEBUG_INFORMATION_FORMAT = dwarf;
				ENABLE_STRICT_OBJC_MSGSEND = YES;
				ENABLE_TESTABILITY = YES;
				GCC_C_LANGUAGE_STANDARD = gnu11;
				GCC_DYNAMIC_NO_PIC = NO;
				GCC_NO_COMMON_BLOCKS = YES;
				GCC_OPTIMIZATION_LEVEL = 0;
				GCC_PREPROCESSOR_DEFINITIONS = (
					"DEBUG=1",
					"$(inherited)",
				);
				GCC_WARN_64_TO_32_BIT_CONVERSION = YES;
				GCC_WARN_ABOUT_RETURN_TYPE = YES_ERROR;
				GCC_WARN_UNDECLARED_SELECTOR = YES;
				GCC_WARN_UNINITIALIZED_AUTOS = YES_AGGRESSIVE;
				GCC_WARN_UNUSED_FUNCTION = YES;
				GCC_WARN_UNUSED_VARIABLE = YES;
				MACOSX_DEPLOYMENT_TARGET = 10.14;
				MTL_ENABLE_DEBUG_INFO = INCLUDE_SOURCE;
				MTL_FAST_MATH = YES;
				ONLY_ACTIVE_ARCH = YES;
				SDKROOT = macosx;
			};
			name = Debug;
		};
		73FC645F2518027000E3C205 /* Release */ = {
			isa = XCBuildConfiguration;
			buildSettings = {
				ALWAYS_SEARCH_USER_PATHS = NO;
				CLANG_ANALYZER_NONNULL = YES;
				CLANG_ANALYZER_NUMBER_OBJECT_CONVERSION = YES_AGGRESSIVE;
				CLANG_CXX_LANGUAGE_STANDARD = "gnu++14";
				CLANG_CXX_LIBRARY = "libc++";
				CLANG_ENABLE_MODULES = YES;
				CLANG_ENABLE_OBJC_ARC = YES;
				CLANG_ENABLE_OBJC_WEAK = YES;
				CLANG_WARN_BLOCK_CAPTURE_AUTORELEASING = YES;
				CLANG_WARN_BOOL_CONVERSION = YES;
				CLANG_WARN_COMMA = YES;
				CLANG_WARN_CONSTANT_CONVERSION = YES;
				CLANG_WARN_DEPRECATED_OBJC_IMPLEMENTATIONS = YES;
				CLANG_WARN_DIRECT_OBJC_ISA_USAGE = YES_ERROR;
				CLANG_WARN_DOCUMENTATION_COMMENTS = YES;
				CLANG_WARN_EMPTY_BODY = YES;
				CLANG_WARN_ENUM_CONVERSION = YES;
				CLANG_WARN_INFINITE_RECURSION = YES;
				CLANG_WARN_INT_CONVERSION = YES;
				CLANG_WARN_NON_LITERAL_NULL_CONVERSION = YES;
				CLANG_WARN_OBJC_IMPLICIT_RETAIN_SELF = YES;
				CLANG_WARN_OBJC_LITERAL_CONVERSION = YES;
				CLANG_WARN_OBJC_ROOT_CLASS = YES_ERROR;
				CLANG_WARN_RANGE_LOOP_ANALYSIS = YES;
				CLANG_WARN_STRICT_PROTOTYPES = YES;
				CLANG_WARN_SUSPICIOUS_MOVE = YES;
				CLANG_WARN_UNGUARDED_AVAILABILITY = YES_AGGRESSIVE;
				CLANG_WARN_UNREACHABLE_CODE = YES;
				CLANG_WARN__DUPLICATE_METHOD_MATCH = YES;
				COPY_PHASE_STRIP = NO;
				DEBUG_INFORMATION_FORMAT = "dwarf-with-dsym";
				ENABLE_NS_ASSERTIONS = NO;
				ENABLE_STRICT_OBJC_MSGSEND = YES;
				GCC_C_LANGUAGE_STANDARD = gnu11;
				GCC_NO_COMMON_BLOCKS = YES;
				GCC_WARN_64_TO_32_BIT_CONVERSION = YES;
				GCC_WARN_ABOUT_RETURN_TYPE = YES_ERROR;
				GCC_WARN_UNDECLARED_SELECTOR = YES;
				GCC_WARN_UNINITIALIZED_AUTOS = YES_AGGRESSIVE;
				GCC_WARN_UNUSED_FUNCTION = YES;
				GCC_WARN_UNUSED_VARIABLE = YES;
				MACOSX_DEPLOYMENT_TARGET = 10.14;
				MTL_ENABLE_DEBUG_INFO = NO;
				MTL_FAST_MATH = YES;
				SDKROOT = macosx;
			};
			name = Release;
		};
		73FC64612518027000E3C205 /* Debug */ = {
			isa = XCBuildConfiguration;
			buildSettings = {
				CODE_SIGN_STYLE = Automatic;
				PRODUCT_NAME = "$(TARGET_NAME)";
			};
			name = Debug;
		};
		73FC64622518027000E3C205 /* Release */ = {
			isa = XCBuildConfiguration;
			buildSettings = {
				CODE_SIGN_STYLE = Automatic;
				PRODUCT_NAME = "$(TARGET_NAME)";
			};
			name = Release;
		};
/* End XCBuildConfiguration section */

/* Begin XCConfigurationList section */
		73FC64542518026F00E3C205 /* Build configuration list for PBXProject "strawberrymangoes" */ = {
			isa = XCConfigurationList;
			buildConfigurations = (
				73FC645E2518027000E3C205 /* Debug */,
				73FC645F2518027000E3C205 /* Release */,
			);
			defaultConfigurationIsVisible = 0;
			defaultConfigurationName = Release;
		};
		73FC64602518027000E3C205 /* Build configuration list for PBXNativeTarget "strawberrymangoes" */ = {
			isa = XCConfigurationList;
			buildConfigurations = (
				73FC64612518027000E3C205 /* Debug */,
				73FC64622518027000E3C205 /* Release */,
			);
			defaultConfigurationIsVisible = 0;
			defaultConfigurationName = Release;
		};
/* End XCConfigurationList section */
	};
	rootObject = 73FC64512518026E00E3C205 /* Project object */;
}
