// !$*UTF8*$!
{
	archiveVersion = 1;
	classes = {
	};
	objectVersion = 50;
	objects = {

/* Begin PBXBuildFile section */
		73068D3824A7F7F400EFD5A5 /* Rook.cpp in Sources */ = {isa = PBXBuildFile; fileRef = 73068D3624A7F7F400EFD5A5 /* Rook.cpp */; };
		730A4DF024A81C30005DC0A2 /* Bishop.cpp in Sources */ = {isa = PBXBuildFile; fileRef = 730A4DEE24A81C30005DC0A2 /* Bishop.cpp */; };
		734C832B246659E200CFBA9B /* main.cpp in Sources */ = {isa = PBXBuildFile; fileRef = 734C832A246659E200CFBA9B /* main.cpp */; };
		736457EF24AA896C00A32FDC /* Queen.cpp in Sources */ = {isa = PBXBuildFile; fileRef = 736457ED24AA896C00A32FDC /* Queen.cpp */; };
		736457F224AA8FEB00A32FDC /* Pawn.cpp in Sources */ = {isa = PBXBuildFile; fileRef = 736457F024AA8FEB00A32FDC /* Pawn.cpp */; };
		736457F724ABE61D00A32FDC /* Auxiliary.cpp in Sources */ = {isa = PBXBuildFile; fileRef = 736457F524ABE61D00A32FDC /* Auxiliary.cpp */; };
		737276B324A68FC000A1EABA /* Coord.cpp in Sources */ = {isa = PBXBuildFile; fileRef = 737276B224A68FBF00A1EABA /* Coord.cpp */; };
		73D374992467406A00EE25C2 /* Game.cpp in Sources */ = {isa = PBXBuildFile; fileRef = 73D374972467406A00EE25C2 /* Game.cpp */; };
		73D3749C2467419400EE25C2 /* Piece.cpp in Sources */ = {isa = PBXBuildFile; fileRef = 73D3749A2467419400EE25C2 /* Piece.cpp */; };
		73D3749F246742FC00EE25C2 /* Set.cpp in Sources */ = {isa = PBXBuildFile; fileRef = 73D3749D246742FC00EE25C2 /* Set.cpp */; };
		73D374A3246744C600EE25C2 /* Board.cpp in Sources */ = {isa = PBXBuildFile; fileRef = 73D374A1246744C600EE25C2 /* Board.cpp */; };
		73D374A6246745AD00EE25C2 /* Knight.cpp in Sources */ = {isa = PBXBuildFile; fileRef = 73D374A4246745AD00EE25C2 /* Knight.cpp */; };
		73D374AC2468A4B000EE25C2 /* King.cpp in Sources */ = {isa = PBXBuildFile; fileRef = 73D374AA2468A4B000EE25C2 /* King.cpp */; };
/* End PBXBuildFile section */

/* Begin PBXCopyFilesBuildPhase section */
		734C8325246659E100CFBA9B /* CopyFiles */ = {
			isa = PBXCopyFilesBuildPhase;
			buildActionMask = 2147483647;
			dstPath = /usr/share/man/man1/;
			dstSubfolderSpec = 0;
			files = (
			);
			runOnlyForDeploymentPostprocessing = 1;
		};
/* End PBXCopyFilesBuildPhase section */

/* Begin PBXFileReference section */
		73068D3624A7F7F400EFD5A5 /* Rook.cpp */ = {isa = PBXFileReference; lastKnownFileType = sourcecode.cpp.cpp; path = Rook.cpp; sourceTree = "<group>"; };
		73068D3724A7F7F400EFD5A5 /* Rook.h */ = {isa = PBXFileReference; lastKnownFileType = sourcecode.c.h; path = Rook.h; sourceTree = "<group>"; };
		730A4DEE24A81C30005DC0A2 /* Bishop.cpp */ = {isa = PBXFileReference; lastKnownFileType = sourcecode.cpp.cpp; path = Bishop.cpp; sourceTree = "<group>"; };
		730A4DEF24A81C30005DC0A2 /* Bishop.h */ = {isa = PBXFileReference; lastKnownFileType = sourcecode.c.h; path = Bishop.h; sourceTree = "<group>"; };
		734C8327246659E100CFBA9B /* Chess */ = {isa = PBXFileReference; explicitFileType = "compiled.mach-o.executable"; includeInIndex = 0; path = Chess; sourceTree = BUILT_PRODUCTS_DIR; };
		734C832A246659E200CFBA9B /* main.cpp */ = {isa = PBXFileReference; lastKnownFileType = sourcecode.cpp.cpp; path = main.cpp; sourceTree = "<group>"; };
		736457ED24AA896C00A32FDC /* Queen.cpp */ = {isa = PBXFileReference; lastKnownFileType = sourcecode.cpp.cpp; path = Queen.cpp; sourceTree = "<group>"; };
		736457EE24AA896C00A32FDC /* Queen.h */ = {isa = PBXFileReference; lastKnownFileType = sourcecode.c.h; path = Queen.h; sourceTree = "<group>"; };
		736457F024AA8FEB00A32FDC /* Pawn.cpp */ = {isa = PBXFileReference; lastKnownFileType = sourcecode.cpp.cpp; path = Pawn.cpp; sourceTree = "<group>"; };
		736457F124AA8FEB00A32FDC /* Pawn.h */ = {isa = PBXFileReference; lastKnownFileType = sourcecode.c.h; path = Pawn.h; sourceTree = "<group>"; };
		736457F524ABE61D00A32FDC /* Auxiliary.cpp */ = {isa = PBXFileReference; fileEncoding = 4; lastKnownFileType = sourcecode.cpp.cpp; path = Auxiliary.cpp; sourceTree = "<group>"; };
		736457F624ABE61D00A32FDC /* Auxiliary.h */ = {isa = PBXFileReference; fileEncoding = 4; lastKnownFileType = sourcecode.c.h; path = Auxiliary.h; sourceTree = "<group>"; };
		737276B224A68FBF00A1EABA /* Coord.cpp */ = {isa = PBXFileReference; lastKnownFileType = sourcecode.cpp.cpp; path = Coord.cpp; sourceTree = "<group>"; };
		73D15EA724BE750000E8AF14 /* PST.h */ = {isa = PBXFileReference; lastKnownFileType = sourcecode.c.h; path = PST.h; sourceTree = "<group>"; };
		73D374972467406A00EE25C2 /* Game.cpp */ = {isa = PBXFileReference; lastKnownFileType = sourcecode.cpp.cpp; path = Game.cpp; sourceTree = "<group>"; };
		73D374982467406A00EE25C2 /* Game.h */ = {isa = PBXFileReference; lastKnownFileType = sourcecode.c.h; path = Game.h; sourceTree = "<group>"; };
		73D3749A2467419400EE25C2 /* Piece.cpp */ = {isa = PBXFileReference; lastKnownFileType = sourcecode.cpp.cpp; path = Piece.cpp; sourceTree = "<group>"; };
		73D3749B2467419400EE25C2 /* Piece.h */ = {isa = PBXFileReference; lastKnownFileType = sourcecode.c.h; path = Piece.h; sourceTree = "<group>"; };
		73D3749D246742FC00EE25C2 /* Set.cpp */ = {isa = PBXFileReference; lastKnownFileType = sourcecode.cpp.cpp; path = Set.cpp; sourceTree = "<group>"; };
		73D3749E246742FC00EE25C2 /* Set.h */ = {isa = PBXFileReference; lastKnownFileType = sourcecode.c.h; path = Set.h; sourceTree = "<group>"; };
		73D374A1246744C600EE25C2 /* Board.cpp */ = {isa = PBXFileReference; lastKnownFileType = sourcecode.cpp.cpp; path = Board.cpp; sourceTree = "<group>"; };
		73D374A2246744C600EE25C2 /* Board.h */ = {isa = PBXFileReference; lastKnownFileType = sourcecode.c.h; path = Board.h; sourceTree = "<group>"; };
		73D374A4246745AD00EE25C2 /* Knight.cpp */ = {isa = PBXFileReference; lastKnownFileType = sourcecode.cpp.cpp; path = Knight.cpp; sourceTree = "<group>"; };
		73D374A5246745AD00EE25C2 /* Knight.h */ = {isa = PBXFileReference; lastKnownFileType = sourcecode.c.h; path = Knight.h; sourceTree = "<group>"; };
		73D374A8246749D300EE25C2 /* Coord.h */ = {isa = PBXFileReference; lastKnownFileType = sourcecode.c.h; path = Coord.h; sourceTree = "<group>"; };
		73D374AA2468A4B000EE25C2 /* King.cpp */ = {isa = PBXFileReference; lastKnownFileType = sourcecode.cpp.cpp; path = King.cpp; sourceTree = "<group>"; };
		73D374AB2468A4B000EE25C2 /* King.h */ = {isa = PBXFileReference; lastKnownFileType = sourcecode.c.h; path = King.h; sourceTree = "<group>"; };
		73E4072724BAA6D4000D36A5 /* Tuple.h */ = {isa = PBXFileReference; lastKnownFileType = sourcecode.c.h; path = Tuple.h; sourceTree = "<group>"; };
/* End PBXFileReference section */

/* Begin PBXFrameworksBuildPhase section */
		734C8324246659E100CFBA9B /* Frameworks */ = {
			isa = PBXFrameworksBuildPhase;
			buildActionMask = 2147483647;
			files = (
			);
			runOnlyForDeploymentPostprocessing = 0;
		};
/* End PBXFrameworksBuildPhase section */

/* Begin PBXGroup section */
		734C831E246659DF00CFBA9B = {
			isa = PBXGroup;
			children = (
				734C8329246659E100CFBA9B /* Chess */,
				734C8328246659E100CFBA9B /* Products */,
			);
			sourceTree = "<group>";
		};
		734C8328246659E100CFBA9B /* Products */ = {
			isa = PBXGroup;
			children = (
				734C8327246659E100CFBA9B /* Chess */,
			);
			name = Products;
			sourceTree = "<group>";
		};
		734C8329246659E100CFBA9B /* Chess */ = {
			isa = PBXGroup;
			children = (
				736457F524ABE61D00A32FDC /* Auxiliary.cpp */,
				736457F624ABE61D00A32FDC /* Auxiliary.h */,
				73E4072724BAA6D4000D36A5 /* Tuple.h */,
				734C832A246659E200CFBA9B /* main.cpp */,
				736457F024AA8FEB00A32FDC /* Pawn.cpp */,
				736457F124AA8FEB00A32FDC /* Pawn.h */,
				730A4DEF24A81C30005DC0A2 /* Bishop.h */,
				730A4DEE24A81C30005DC0A2 /* Bishop.cpp */,
				73D374AA2468A4B000EE25C2 /* King.cpp */,
				73D374AB2468A4B000EE25C2 /* King.h */,
				73D3749A2467419400EE25C2 /* Piece.cpp */,
				73D3749B2467419400EE25C2 /* Piece.h */,
				73D374972467406A00EE25C2 /* Game.cpp */,
				73D374982467406A00EE25C2 /* Game.h */,
				73D3749D246742FC00EE25C2 /* Set.cpp */,
				73D3749E246742FC00EE25C2 /* Set.h */,
				73D374A1246744C600EE25C2 /* Board.cpp */,
				73D374A2246744C600EE25C2 /* Board.h */,
				73D374A4246745AD00EE25C2 /* Knight.cpp */,
				73D374A5246745AD00EE25C2 /* Knight.h */,
				73D374A8246749D300EE25C2 /* Coord.h */,
				737276B224A68FBF00A1EABA /* Coord.cpp */,
				73068D3624A7F7F400EFD5A5 /* Rook.cpp */,
				73068D3724A7F7F400EFD5A5 /* Rook.h */,
				736457ED24AA896C00A32FDC /* Queen.cpp */,
				736457EE24AA896C00A32FDC /* Queen.h */,
				73D15EA724BE750000E8AF14 /* PST.h */,
			);
			path = Chess;
			sourceTree = "<group>";
		};
/* End PBXGroup section */

/* Begin PBXNativeTarget section */
		734C8326246659E100CFBA9B /* Chess */ = {
			isa = PBXNativeTarget;
			buildConfigurationList = 734C832E246659E200CFBA9B /* Build configuration list for PBXNativeTarget "Chess" */;
			buildPhases = (
				734C8323246659E100CFBA9B /* Sources */,
				734C8324246659E100CFBA9B /* Frameworks */,
				734C8325246659E100CFBA9B /* CopyFiles */,
			);
			buildRules = (
			);
			dependencies = (
			);
			name = Chess;
			productName = Chess;
			productReference = 734C8327246659E100CFBA9B /* Chess */;
			productType = "com.apple.product-type.tool";
		};
/* End PBXNativeTarget section */

/* Begin PBXProject section */
		734C831F246659E000CFBA9B /* Project object */ = {
			isa = PBXProject;
			attributes = {
				LastUpgradeCheck = 1130;
				ORGANIZATIONNAME = "Max Smiley";
				TargetAttributes = {
					734C8326246659E100CFBA9B = {
						CreatedOnToolsVersion = 11.3.1;
					};
				};
			};
			buildConfigurationList = 734C8322246659E000CFBA9B /* Build configuration list for PBXProject "Chess" */;
			compatibilityVersion = "Xcode 9.3";
			developmentRegion = en;
			hasScannedForEncodings = 0;
			knownRegions = (
				en,
				Base,
			);
			mainGroup = 734C831E246659DF00CFBA9B;
			productRefGroup = 734C8328246659E100CFBA9B /* Products */;
			projectDirPath = "";
			projectRoot = "";
			targets = (
				734C8326246659E100CFBA9B /* Chess */,
			);
		};
/* End PBXProject section */

/* Begin PBXSourcesBuildPhase section */
		734C8323246659E100CFBA9B /* Sources */ = {
			isa = PBXSourcesBuildPhase;
			buildActionMask = 2147483647;
			files = (
				73068D3824A7F7F400EFD5A5 /* Rook.cpp in Sources */,
				73D3749F246742FC00EE25C2 /* Set.cpp in Sources */,
				736457EF24AA896C00A32FDC /* Queen.cpp in Sources */,
				736457F724ABE61D00A32FDC /* Auxiliary.cpp in Sources */,
				736457F224AA8FEB00A32FDC /* Pawn.cpp in Sources */,
				737276B324A68FC000A1EABA /* Coord.cpp in Sources */,
				73D3749C2467419400EE25C2 /* Piece.cpp in Sources */,
				73D374A6246745AD00EE25C2 /* Knight.cpp in Sources */,
				734C832B246659E200CFBA9B /* main.cpp in Sources */,
				730A4DF024A81C30005DC0A2 /* Bishop.cpp in Sources */,
				73D374992467406A00EE25C2 /* Game.cpp in Sources */,
				73D374A3246744C600EE25C2 /* Board.cpp in Sources */,
				73D374AC2468A4B000EE25C2 /* King.cpp in Sources */,
			);
			runOnlyForDeploymentPostprocessing = 0;
		};
/* End PBXSourcesBuildPhase section */

/* Begin XCBuildConfiguration section */
		734C832C246659E200CFBA9B /* Debug */ = {
			isa = XCBuildConfiguration;
			buildSettings = {
				ALWAYS_SEARCH_USER_PATHS = NO;
				CLANG_ANALYZER_NONNULL = YES;
				CLANG_ANALYZER_NUMBER_OBJECT_CONVERSION = YES_AGGRESSIVE;
				CLANG_CXX_LANGUAGE_STANDARD = "gnu++14";
				CLANG_CXX_LIBRARY = "libc++";
				CLANG_ENABLE_MODULES = YES;
				CLANG_ENABLE_OBJC_ARC = YES;
				CLANG_ENABLE_OBJC_WEAK = YES;
				CLANG_WARN_BLOCK_CAPTURE_AUTORELEASING = YES;
				CLANG_WARN_BOOL_CONVERSION = YES;
				CLANG_WARN_COMMA = YES;
				CLANG_WARN_CONSTANT_CONVERSION = YES;
				CLANG_WARN_DEPRECATED_OBJC_IMPLEMENTATIONS = YES;
				CLANG_WARN_DIRECT_OBJC_ISA_USAGE = YES_ERROR;
				CLANG_WARN_DOCUMENTATION_COMMENTS = YES;
				CLANG_WARN_EMPTY_BODY = YES;
				CLANG_WARN_ENUM_CONVERSION = YES;
				CLANG_WARN_INFINITE_RECURSION = YES;
				CLANG_WARN_INT_CONVERSION = YES;
				CLANG_WARN_NON_LITERAL_NULL_CONVERSION = YES;
				CLANG_WARN_OBJC_IMPLICIT_RETAIN_SELF = YES;
				CLANG_WARN_OBJC_LITERAL_CONVERSION = YES;
				CLANG_WARN_OBJC_ROOT_CLASS = YES_ERROR;
				CLANG_WARN_RANGE_LOOP_ANALYSIS = YES;
				CLANG_WARN_STRICT_PROTOTYPES = YES;
				CLANG_WARN_SUSPICIOUS_MOVE = YES;
				CLANG_WARN_UNGUARDED_AVAILABILITY = YES_AGGRESSIVE;
				CLANG_WARN_UNREACHABLE_CODE = YES;
				CLANG_WARN__DUPLICATE_METHOD_MATCH = YES;
				COPY_PHASE_STRIP = NO;
				DEBUG_INFORMATION_FORMAT = dwarf;
				ENABLE_STRICT_OBJC_MSGSEND = YES;
				ENABLE_TESTABILITY = YES;
				GCC_C_LANGUAGE_STANDARD = gnu11;
				GCC_DYNAMIC_NO_PIC = NO;
				GCC_NO_COMMON_BLOCKS = YES;
				GCC_OPTIMIZATION_LEVEL = 0;
				GCC_PREPROCESSOR_DEFINITIONS = (
					"DEBUG=1",
					"$(inherited)",
				);
				GCC_WARN_64_TO_32_BIT_CONVERSION = YES;
				GCC_WARN_ABOUT_RETURN_TYPE = YES_ERROR;
				GCC_WARN_UNDECLARED_SELECTOR = YES;
				GCC_WARN_UNINITIALIZED_AUTOS = YES_AGGRESSIVE;
				GCC_WARN_UNUSED_FUNCTION = YES;
				GCC_WARN_UNUSED_VARIABLE = YES;
				MACOSX_DEPLOYMENT_TARGET = 10.14;
				MTL_ENABLE_DEBUG_INFO = INCLUDE_SOURCE;
				MTL_FAST_MATH = YES;
				ONLY_ACTIVE_ARCH = YES;
				SDKROOT = macosx;
			};
			name = Debug;
		};
		734C832D246659E200CFBA9B /* Release */ = {
			isa = XCBuildConfiguration;
			buildSettings = {
				ALWAYS_SEARCH_USER_PATHS = NO;
				CLANG_ANALYZER_NONNULL = YES;
				CLANG_ANALYZER_NUMBER_OBJECT_CONVERSION = YES_AGGRESSIVE;
				CLANG_CXX_LANGUAGE_STANDARD = "gnu++14";
				CLANG_CXX_LIBRARY = "libc++";
				CLANG_ENABLE_MODULES = YES;
				CLANG_ENABLE_OBJC_ARC = YES;
				CLANG_ENABLE_OBJC_WEAK = YES;
				CLANG_WARN_BLOCK_CAPTURE_AUTORELEASING = YES;
				CLANG_WARN_BOOL_CONVERSION = YES;
				CLANG_WARN_COMMA = YES;
				CLANG_WARN_CONSTANT_CONVERSION = YES;
				CLANG_WARN_DEPRECATED_OBJC_IMPLEMENTATIONS = YES;
				CLANG_WARN_DIRECT_OBJC_ISA_USAGE = YES_ERROR;
				CLANG_WARN_DOCUMENTATION_COMMENTS = YES;
				CLANG_WARN_EMPTY_BODY = YES;
				CLANG_WARN_ENUM_CONVERSION = YES;
				CLANG_WARN_INFINITE_RECURSION = YES;
				CLANG_WARN_INT_CONVERSION = YES;
				CLANG_WARN_NON_LITERAL_NULL_CONVERSION = YES;
				CLANG_WARN_OBJC_IMPLICIT_RETAIN_SELF = YES;
				CLANG_WARN_OBJC_LITERAL_CONVERSION = YES;
				CLANG_WARN_OBJC_ROOT_CLASS = YES_ERROR;
				CLANG_WARN_RANGE_LOOP_ANALYSIS = YES;
				CLANG_WARN_STRICT_PROTOTYPES = YES;
				CLANG_WARN_SUSPICIOUS_MOVE = YES;
				CLANG_WARN_UNGUARDED_AVAILABILITY = YES_AGGRESSIVE;
				CLANG_WARN_UNREACHABLE_CODE = YES;
				CLANG_WARN__DUPLICATE_METHOD_MATCH = YES;
				COPY_PHASE_STRIP = NO;
				DEBUG_INFORMATION_FORMAT = "dwarf-with-dsym";
				ENABLE_NS_ASSERTIONS = NO;
				ENABLE_STRICT_OBJC_MSGSEND = YES;
				GCC_C_LANGUAGE_STANDARD = gnu11;
				GCC_NO_COMMON_BLOCKS = YES;
				GCC_WARN_64_TO_32_BIT_CONVERSION = YES;
				GCC_WARN_ABOUT_RETURN_TYPE = YES_ERROR;
				GCC_WARN_UNDECLARED_SELECTOR = YES;
				GCC_WARN_UNINITIALIZED_AUTOS = YES_AGGRESSIVE;
				GCC_WARN_UNUSED_FUNCTION = YES;
				GCC_WARN_UNUSED_VARIABLE = YES;
				MACOSX_DEPLOYMENT_TARGET = 10.14;
				MTL_ENABLE_DEBUG_INFO = NO;
				MTL_FAST_MATH = YES;
				SDKROOT = macosx;
			};
			name = Release;
		};
		734C832F246659E200CFBA9B /* Debug */ = {
			isa = XCBuildConfiguration;
			buildSettings = {
				CODE_SIGN_STYLE = Automatic;
				PRODUCT_NAME = "$(TARGET_NAME)";
			};
			name = Debug;
		};
		734C8330246659E200CFBA9B /* Release */ = {
			isa = XCBuildConfiguration;
			buildSettings = {
				CODE_SIGN_STYLE = Automatic;
				PRODUCT_NAME = "$(TARGET_NAME)";
			};
			name = Release;
		};
/* End XCBuildConfiguration section */

/* Begin XCConfigurationList section */
		734C8322246659E000CFBA9B /* Build configuration list for PBXProject "Chess" */ = {
			isa = XCConfigurationList;
			buildConfigurations = (
				734C832C246659E200CFBA9B /* Debug */,
				734C832D246659E200CFBA9B /* Release */,
			);
			defaultConfigurationIsVisible = 0;
			defaultConfigurationName = Release;
		};
		734C832E246659E200CFBA9B /* Build configuration list for PBXNativeTarget "Chess" */ = {
			isa = XCConfigurationList;
			buildConfigurations = (
				734C832F246659E200CFBA9B /* Debug */,
				734C8330246659E200CFBA9B /* Release */,
			);
			defaultConfigurationIsVisible = 0;
			defaultConfigurationName = Release;
		};
/* End XCConfigurationList section */
	};
	rootObject = 734C831F246659E000CFBA9B /* Project object */;
}
